
Microsoft Visual Studio Solution File, Format Version 12.00
# Visual Studio Version 16
VisualStudioVersion = 16.0.31424.327
MinimumVisualStudioVersion = 10.0.40219.1
Project("{FAE04EC0-301F-11D3-BF4B-00C04F79EFBC}") = "practiceapp1", "practiceapp1\practiceapp1.csproj", "{274D7FC8-6A90-4BD2-A4BE-641B3989D1D9}"
EndProject
Global
	GlobalSection(SolutionConfigurationPlatforms) = preSolution
		Debug|Any CPU = Debug|Any CPU
		Release|Any CPU = Release|Any CPU
	EndGlobalSection
	GlobalSection(ProjectConfigurationPlatforms) = postSolution
		{274D7FC8-6A90-4BD2-A4BE-641B3989D1D9}.Debug|Any CPU.ActiveCfg = Debug|Any CPU
		{274D7FC8-6A90-4BD2-A4BE-641B3989D1D9}.Debug|Any CPU.Build.0 = Debug|Any CPU
		{274D7FC8-6A90-4BD2-A4BE-641B3989D1D9}.Release|Any CPU.ActiveCfg = Release|Any CPU
		{274D7FC8-6A90-4BD2-A4BE-641B3989D1D9}.Release|Any CPU.Build.0 = Release|Any CPU
	EndGlobalSection
	GlobalSection(SolutionProperties) = preSolution
		HideSolutionNode = FALSE
	EndGlobalSection
	GlobalSection(ExtensibilityGlobals) = postSolution
		SolutionGuid = {937FF579-0471-4A4F-9476-5DA6F91703C0}
	EndGlobalSection
EndGlobal
